
Microsoft Visual Studio Solution File, Format Version 12.00
# Visual Studio Version 17
VisualStudioVersion = 17.0.31912.275
MinimumVisualStudioVersion = 10.0.40219.1
Project("{9A19103F-16F7-4668-BE54-9A1E7A4F7556}") = "ShapeCalculator.API", "ShapeCalculator.API\ShapeCalculator.API.csproj", "{FECA48CB-6156-40B0-9A87-917C467608B1}"
EndProject
Project("{9A19103F-16F7-4668-BE54-9A1E7A4F7556}") = "ShapeCalculator.Core", "ShapeCalculator.Core\ShapeCalculator.Core.csproj", "{55BE4565-68ED-4C5D-A65E-15A8798AEBA3}"
EndProject
Project("{9A19103F-16F7-4668-BE54-9A1E7A4F7556}") = "ShapeCalculator.Core.Tests", "ShapeCalculator.Core.Tests\ShapeCalculator.Core.Tests.csproj", "{8972931B-5CCB-439C-B2DC-9DCEB80B5813}"
EndProject
Global
	GlobalSection(SolutionConfigurationPlatforms) = preSolution
		Debug|Any CPU = Debug|Any CPU
		Release|Any CPU = Release|Any CPU
	EndGlobalSection
	GlobalSection(ProjectConfigurationPlatforms) = postSolution
		{FECA48CB-6156-40B0-9A87-917C467608B1}.Debug|Any CPU.ActiveCfg = Debug|Any CPU
		{FECA48CB-6156-40B0-9A87-917C467608B1}.Debug|Any CPU.Build.0 = Debug|Any CPU
		{FECA48CB-6156-40B0-9A87-917C467608B1}.Release|Any CPU.ActiveCfg = Release|Any CPU
		{FECA48CB-6156-40B0-9A87-917C467608B1}.Release|Any CPU.Build.0 = Release|Any CPU
		{55BE4565-68ED-4C5D-A65E-15A8798AEBA3}.Debug|Any CPU.ActiveCfg = Debug|Any CPU
		{55BE4565-68ED-4C5D-A65E-15A8798AEBA3}.Debug|Any CPU.Build.0 = Debug|Any CPU
		{55BE4565-68ED-4C5D-A65E-15A8798AEBA3}.Release|Any CPU.ActiveCfg = Release|Any CPU
		{55BE4565-68ED-4C5D-A65E-15A8798AEBA3}.Release|Any CPU.Build.0 = Release|Any CPU
		{8972931B-5CCB-439C-B2DC-9DCEB80B5813}.Debug|Any CPU.ActiveCfg = Debug|Any CPU
		{8972931B-5CCB-439C-B2DC-9DCEB80B5813}.Debug|Any CPU.Build.0 = Debug|Any CPU
		{8972931B-5CCB-439C-B2DC-9DCEB80B5813}.Release|Any CPU.ActiveCfg = Release|Any CPU
		{8972931B-5CCB-439C-B2DC-9DCEB80B5813}.Release|Any CPU.Build.0 = Release|Any CPU
	EndGlobalSection
	GlobalSection(SolutionProperties) = preSolution
		HideSolutionNode = FALSE
	EndGlobalSection
	GlobalSection(ExtensibilityGlobals) = postSolution
		SolutionGuid = {89655809-AB37-4F55-B7C0-2983211DCC79}
	EndGlobalSection
EndGlobal
